// !$*UTF8*$!
{
	archiveVersion = 1;
	classes = {
	};
	objectVersion = 56;
	objects = {

/* Begin PBXBuildFile section */
		954B6B812AC57DAA00FDCFAB /* AppDelegate.swift in Sources */ = {isa = PBXBuildFile; fileRef = 954B6B802AC57DAA00FDCFAB /* AppDelegate.swift */; };
		954B6B832AC57DAA00FDCFAB /* SceneDelegate.swift in Sources */ = {isa = PBXBuildFile; fileRef = 954B6B822AC57DAA00FDCFAB /* SceneDelegate.swift */; };
		954B6B852AC57DAA00FDCFAB /* ViewController.swift in Sources */ = {isa = PBXBuildFile; fileRef = 954B6B842AC57DAA00FDCFAB /* ViewController.swift */; };
		954B6B8A2AC57DAB00FDCFAB /* Assets.xcassets in Resources */ = {isa = PBXBuildFile; fileRef = 954B6B892AC57DAB00FDCFAB /* Assets.xcassets */; };
		954B6B8D2AC57DAB00FDCFAB /* LaunchScreen.storyboard in Resources */ = {isa = PBXBuildFile; fileRef = 954B6B8B2AC57DAB00FDCFAB /* LaunchScreen.storyboard */; };
		CC3EE7BB2B073A56009C5287 /* MemoDetailViewController.swift in Sources */ = {isa = PBXBuildFile; fileRef = CC3EE7BA2B073A56009C5287 /* MemoDetailViewController.swift */; };
		CC3EE7BD2B073DF9009C5287 /* MemoEditViewController.swift in Sources */ = {isa = PBXBuildFile; fileRef = CC3EE7BC2B073DF9009C5287 /* MemoEditViewController.swift */; };
		CC72E1FD2B16185400353D28 /* SnapKit in Frameworks */ = {isa = PBXBuildFile; productRef = CC72E1FC2B16185400353D28 /* SnapKit */; };
		CC7D36DE2B04E1380069F109 /* MemoTableViewCell.swift in Sources */ = {isa = PBXBuildFile; fileRef = CC7D36DD2B04E1380069F109 /* MemoTableViewCell.swift */; };
		CC7D36E42B05A0D60069F109 /* MemoViewController.swift in Sources */ = {isa = PBXBuildFile; fileRef = CC7D36E32B05A0D60069F109 /* MemoViewController.swift */; };
/* End PBXBuildFile section */

/* Begin PBXFileReference section */
		954B6B7D2AC57DAA00FDCFAB /* iOS_Study_B.app */ = {isa = PBXFileReference; explicitFileType = wrapper.application; includeInIndex = 0; path = iOS_Study_B.app; sourceTree = BUILT_PRODUCTS_DIR; };
		954B6B802AC57DAA00FDCFAB /* AppDelegate.swift */ = {isa = PBXFileReference; lastKnownFileType = sourcecode.swift; path = AppDelegate.swift; sourceTree = "<group>"; };
		954B6B822AC57DAA00FDCFAB /* SceneDelegate.swift */ = {isa = PBXFileReference; lastKnownFileType = sourcecode.swift; path = SceneDelegate.swift; sourceTree = "<group>"; };
		954B6B842AC57DAA00FDCFAB /* ViewController.swift */ = {isa = PBXFileReference; lastKnownFileType = sourcecode.swift; path = ViewController.swift; sourceTree = "<group>"; };
		954B6B892AC57DAB00FDCFAB /* Assets.xcassets */ = {isa = PBXFileReference; lastKnownFileType = folder.assetcatalog; path = Assets.xcassets; sourceTree = "<group>"; };
		954B6B8C2AC57DAB00FDCFAB /* Base */ = {isa = PBXFileReference; lastKnownFileType = file.storyboard; name = Base; path = Base.lproj/LaunchScreen.storyboard; sourceTree = "<group>"; };
		954B6B8E2AC57DAB00FDCFAB /* Info.plist */ = {isa = PBXFileReference; lastKnownFileType = text.plist.xml; path = Info.plist; sourceTree = "<group>"; };
		CC3EE7BA2B073A56009C5287 /* MemoDetailViewController.swift */ = {isa = PBXFileReference; lastKnownFileType = sourcecode.swift; path = MemoDetailViewController.swift; sourceTree = "<group>"; };
		CC3EE7BC2B073DF9009C5287 /* MemoEditViewController.swift */ = {isa = PBXFileReference; lastKnownFileType = sourcecode.swift; path = MemoEditViewController.swift; sourceTree = "<group>"; };
		CC7D36DD2B04E1380069F109 /* MemoTableViewCell.swift */ = {isa = PBXFileReference; lastKnownFileType = sourcecode.swift; path = MemoTableViewCell.swift; sourceTree = "<group>"; };
		CC7D36E32B05A0D60069F109 /* MemoViewController.swift */ = {isa = PBXFileReference; lastKnownFileType = sourcecode.swift; path = MemoViewController.swift; sourceTree = "<group>"; };
/* End PBXFileReference section */

/* Begin PBXFrameworksBuildPhase section */
		954B6B7A2AC57DAA00FDCFAB /* Frameworks */ = {
			isa = PBXFrameworksBuildPhase;
			buildActionMask = 2147483647;
			files = (
				CC72E1FD2B16185400353D28 /* SnapKit in Frameworks */,
			);
			runOnlyForDeploymentPostprocessing = 0;
		};
/* End PBXFrameworksBuildPhase section */

/* Begin PBXGroup section */
		954B6B742AC57DAA00FDCFAB = {
			isa = PBXGroup;
			children = (
				954B6B7F2AC57DAA00FDCFAB /* iOS_Study_B */,
				954B6B7E2AC57DAA00FDCFAB /* Products */,
			);
			sourceTree = "<group>";
		};
		954B6B7E2AC57DAA00FDCFAB /* Products */ = {
			isa = PBXGroup;
			children = (
				954B6B7D2AC57DAA00FDCFAB /* iOS_Study_B.app */,
			);
			name = Products;
			sourceTree = "<group>";
		};
		954B6B7F2AC57DAA00FDCFAB /* iOS_Study_B */ = {
			isa = PBXGroup;
			children = (
				CC7D36DD2B04E1380069F109 /* MemoTableViewCell.swift */,
				954B6B802AC57DAA00FDCFAB /* AppDelegate.swift */,
				954B6B822AC57DAA00FDCFAB /* SceneDelegate.swift */,
				954B6B842AC57DAA00FDCFAB /* ViewController.swift */,
				CC7D36E32B05A0D60069F109 /* MemoViewController.swift */,
				954B6B892AC57DAB00FDCFAB /* Assets.xcassets */,
				954B6B8B2AC57DAB00FDCFAB /* LaunchScreen.storyboard */,
				954B6B8E2AC57DAB00FDCFAB /* Info.plist */,
				CC3EE7BA2B073A56009C5287 /* MemoDetailViewController.swift */,
				CC3EE7BC2B073DF9009C5287 /* MemoEditViewController.swift */,
			);
			path = iOS_Study_B;
			sourceTree = "<group>";
		};
/* End PBXGroup section */

/* Begin PBXNativeTarget section */
		954B6B7C2AC57DAA00FDCFAB /* iOS_Study_B */ = {
			isa = PBXNativeTarget;
			buildConfigurationList = 954B6B912AC57DAB00FDCFAB /* Build configuration list for PBXNativeTarget "iOS_Study_B" */;
			buildPhases = (
				954B6B792AC57DAA00FDCFAB /* Sources */,
				954B6B7A2AC57DAA00FDCFAB /* Frameworks */,
				954B6B7B2AC57DAA00FDCFAB /* Resources */,
			);
			buildRules = (
			);
			dependencies = (
			);
			name = iOS_Study_B;
			packageProductDependencies = (
				CC72E1FC2B16185400353D28 /* SnapKit */,
			);
			productName = iOS_Study_B;
			productReference = 954B6B7D2AC57DAA00FDCFAB /* iOS_Study_B.app */;
			productType = "com.apple.product-type.application";
		};
/* End PBXNativeTarget section */

/* Begin PBXProject section */
		954B6B752AC57DAA00FDCFAB /* Project object */ = {
			isa = PBXProject;
			attributes = {
				BuildIndependentTargetsInParallel = 1;
				LastSwiftUpdateCheck = 1430;
				LastUpgradeCheck = 1430;
				TargetAttributes = {
					954B6B7C2AC57DAA00FDCFAB = {
						CreatedOnToolsVersion = 14.3.1;
					};
				};
			};
			buildConfigurationList = 954B6B782AC57DAA00FDCFAB /* Build configuration list for PBXProject "iOS_Study_B" */;
			compatibilityVersion = "Xcode 14.0";
			developmentRegion = en;
			hasScannedForEncodings = 0;
			knownRegions = (
				en,
				Base,
			);
			mainGroup = 954B6B742AC57DAA00FDCFAB;
			packageReferences = (
				CC72E1FB2B16185400353D28 /* XCRemoteSwiftPackageReference "SnapKit" */,
			);
			productRefGroup = 954B6B7E2AC57DAA00FDCFAB /* Products */;
			projectDirPath = "";
			projectRoot = "";
			targets = (
				954B6B7C2AC57DAA00FDCFAB /* iOS_Study_B */,
			);
		};
/* End PBXProject section */

/* Begin PBXResourcesBuildPhase section */
		954B6B7B2AC57DAA00FDCFAB /* Resources */ = {
			isa = PBXResourcesBuildPhase;
			buildActionMask = 2147483647;
			files = (
				954B6B8D2AC57DAB00FDCFAB /* LaunchScreen.storyboard in Resources */,
				954B6B8A2AC57DAB00FDCFAB /* Assets.xcassets in Resources */,
			);
			runOnlyForDeploymentPostprocessing = 0;
		};
/* End PBXResourcesBuildPhase section */

/* Begin PBXSourcesBuildPhase section */
		954B6B792AC57DAA00FDCFAB /* Sources */ = {
			isa = PBXSourcesBuildPhase;
			buildActionMask = 2147483647;
			files = (
				954B6B852AC57DAA00FDCFAB /* ViewController.swift in Sources */,
				CC3EE7BB2B073A56009C5287 /* MemoDetailViewController.swift in Sources */,
				954B6B812AC57DAA00FDCFAB /* AppDelegate.swift in Sources */,
				CC7D36E42B05A0D60069F109 /* MemoViewController.swift in Sources */,
				954B6B832AC57DAA00FDCFAB /* SceneDelegate.swift in Sources */,
				CC7D36DE2B04E1380069F109 /* MemoTableViewCell.swift in Sources */,
				CC3EE7BD2B073DF9009C5287 /* MemoEditViewController.swift in Sources */,
			);
			runOnlyForDeploymentPostprocessing = 0;
		};
/* End PBXSourcesBuildPhase section */

/* Begin PBXVariantGroup section */
		954B6B8B2AC57DAB00FDCFAB /* LaunchScreen.storyboard */ = {
			isa = PBXVariantGroup;
			children = (
				954B6B8C2AC57DAB00FDCFAB /* Base */,
			);
			name = LaunchScreen.storyboard;
			sourceTree = "<group>";
		};
/* End PBXVariantGroup section */

/* Begin XCBuildConfiguration section */
		954B6B8F2AC57DAB00FDCFAB /* Debug */ = {
			isa = XCBuildConfiguration;
			buildSettings = {
				ALWAYS_SEARCH_USER_PATHS = NO;
				CLANG_ANALYZER_NONNULL = YES;
				CLANG_ANALYZER_NUMBER_OBJECT_CONVERSION = YES_AGGRESSIVE;
				CLANG_CXX_LANGUAGE_STANDARD = "gnu++20";
				CLANG_ENABLE_MODULES = YES;
				CLANG_ENABLE_OBJC_ARC = YES;
				CLANG_ENABLE_OBJC_WEAK = YES;
				CLANG_WARN_BLOCK_CAPTURE_AUTORELEASING = YES;
				CLANG_WARN_BOOL_CONVERSION = YES;
				CLANG_WARN_COMMA = YES;
				CLANG_WARN_CONSTANT_CONVERSION = YES;
				CLANG_WARN_DEPRECATED_OBJC_IMPLEMENTATIONS = YES;
				CLANG_WARN_DIRECT_OBJC_ISA_USAGE = YES_ERROR;
				CLANG_WARN_DOCUMENTATION_COMMENTS = YES;
				CLANG_WARN_EMPTY_BODY = YES;
				CLANG_WARN_ENUM_CONVERSION = YES;
				CLANG_WARN_INFINITE_RECURSION = YES;
				CLANG_WARN_INT_CONVERSION = YES;
				CLANG_WARN_NON_LITERAL_NULL_CONVERSION = YES;
				CLANG_WARN_OBJC_IMPLICIT_RETAIN_SELF = YES;
				CLANG_WARN_OBJC_LITERAL_CONVERSION = YES;
				CLANG_WARN_OBJC_ROOT_CLASS = YES_ERROR;
				CLANG_WARN_QUOTED_INCLUDE_IN_FRAMEWORK_HEADER = YES;
				CLANG_WARN_RANGE_LOOP_ANALYSIS = YES;
				CLANG_WARN_STRICT_PROTOTYPES = YES;
				CLANG_WARN_SUSPICIOUS_MOVE = YES;
				CLANG_WARN_UNGUARDED_AVAILABILITY = YES_AGGRESSIVE;
				CLANG_WARN_UNREACHABLE_CODE = YES;
				CLANG_WARN__DUPLICATE_METHOD_MATCH = YES;
				COPY_PHASE_STRIP = NO;
				DEBUG_INFORMATION_FORMAT = dwarf;
				ENABLE_STRICT_OBJC_MSGSEND = YES;
				ENABLE_TESTABILITY = YES;
				GCC_C_LANGUAGE_STANDARD = gnu11;
				GCC_DYNAMIC_NO_PIC = NO;
				GCC_NO_COMMON_BLOCKS = YES;
				GCC_OPTIMIZATION_LEVEL = 0;
				GCC_PREPROCESSOR_DEFINITIONS = (
					"DEBUG=1",
					"$(inherited)",
				);
				GCC_WARN_64_TO_32_BIT_CONVERSION = YES;
				GCC_WARN_ABOUT_RETURN_TYPE = YES_ERROR;
				GCC_WARN_UNDECLARED_SELECTOR = YES;
				GCC_WARN_UNINITIALIZED_AUTOS = YES_AGGRESSIVE;
				GCC_WARN_UNUSED_FUNCTION = YES;
				GCC_WARN_UNUSED_VARIABLE = YES;
				IPHONEOS_DEPLOYMENT_TARGET = 16.4;
				MTL_ENABLE_DEBUG_INFO = INCLUDE_SOURCE;
				MTL_FAST_MATH = YES;
				ONLY_ACTIVE_ARCH = YES;
				SDKROOT = iphoneos;
				SWIFT_ACTIVE_COMPILATION_CONDITIONS = DEBUG;
				SWIFT_OPTIMIZATION_LEVEL = "-Onone";
			};
			name = Debug;
		};
		954B6B902AC57DAB00FDCFAB /* Release */ = {
			isa = XCBuildConfiguration;
			buildSettings = {
				ALWAYS_SEARCH_USER_PATHS = NO;
				CLANG_ANALYZER_NONNULL = YES;
				CLANG_ANALYZER_NUMBER_OBJECT_CONVERSION = YES_AGGRESSIVE;
				CLANG_CXX_LANGUAGE_STANDARD = "gnu++20";
				CLANG_ENABLE_MODULES = YES;
				CLANG_ENABLE_OBJC_ARC = YES;
				CLANG_ENABLE_OBJC_WEAK = YES;
				CLANG_WARN_BLOCK_CAPTURE_AUTORELEASING = YES;
				CLANG_WARN_BOOL_CONVERSION = YES;
				CLANG_WARN_COMMA = YES;
				CLANG_WARN_CONSTANT_CONVERSION = YES;
				CLANG_WARN_DEPRECATED_OBJC_IMPLEMENTATIONS = YES;
				CLANG_WARN_DIRECT_OBJC_ISA_USAGE = YES_ERROR;
				CLANG_WARN_DOCUMENTATION_COMMENTS = YES;
				CLANG_WARN_EMPTY_BODY = YES;
				CLANG_WARN_ENUM_CONVERSION = YES;
				CLANG_WARN_INFINITE_RECURSION = YES;
				CLANG_WARN_INT_CONVERSION = YES;
				CLANG_WARN_NON_LITERAL_NULL_CONVERSION = YES;
				CLANG_WARN_OBJC_IMPLICIT_RETAIN_SELF = YES;
				CLANG_WARN_OBJC_LITERAL_CONVERSION = YES;
				CLANG_WARN_OBJC_ROOT_CLASS = YES_ERROR;
				CLANG_WARN_QUOTED_INCLUDE_IN_FRAMEWORK_HEADER = YES;
				CLANG_WARN_RANGE_LOOP_ANALYSIS = YES;
				CLANG_WARN_STRICT_PROTOTYPES = YES;
				CLANG_WARN_SUSPICIOUS_MOVE = YES;
				CLANG_WARN_UNGUARDED_AVAILABILITY = YES_AGGRESSIVE;
				CLANG_WARN_UNREACHABLE_CODE = YES;
				CLANG_WARN__DUPLICATE_METHOD_MATCH = YES;
				COPY_PHASE_STRIP = NO;
				DEBUG_INFORMATION_FORMAT = "dwarf-with-dsym";
				ENABLE_NS_ASSERTIONS = NO;
				ENABLE_STRICT_OBJC_MSGSEND = YES;
				GCC_C_LANGUAGE_STANDARD = gnu11;
				GCC_NO_COMMON_BLOCKS = YES;
				GCC_WARN_64_TO_32_BIT_CONVERSION = YES;
				GCC_WARN_ABOUT_RETURN_TYPE = YES_ERROR;
				GCC_WARN_UNDECLARED_SELECTOR = YES;
				GCC_WARN_UNINITIALIZED_AUTOS = YES_AGGRESSIVE;
				GCC_WARN_UNUSED_FUNCTION = YES;
				GCC_WARN_UNUSED_VARIABLE = YES;
				IPHONEOS_DEPLOYMENT_TARGET = 16.4;
				MTL_ENABLE_DEBUG_INFO = NO;
				MTL_FAST_MATH = YES;
				SDKROOT = iphoneos;
				SWIFT_COMPILATION_MODE = wholemodule;
				SWIFT_OPTIMIZATION_LEVEL = "-O";
				VALIDATE_PRODUCT = YES;
			};
			name = Release;
		};
		954B6B922AC57DAB00FDCFAB /* Debug */ = {
			isa = XCBuildConfiguration;
			buildSettings = {
				ASSETCATALOG_COMPILER_APPICON_NAME = AppIcon;
				ASSETCATALOG_COMPILER_GLOBAL_ACCENT_COLOR_NAME = AccentColor;
				CODE_SIGN_STYLE = Automatic;
				CURRENT_PROJECT_VERSION = 1;
				GENERATE_INFOPLIST_FILE = YES;
				INFOPLIST_FILE = iOS_Study_B/Info.plist;
				INFOPLIST_KEY_UIApplicationSupportsIndirectInputEvents = YES;
				INFOPLIST_KEY_UILaunchStoryboardName = LaunchScreen;
				INFOPLIST_KEY_UISupportedInterfaceOrientations_iPad = "UIInterfaceOrientationPortrait UIInterfaceOrientationPortraitUpsideDown UIInterfaceOrientationLandscapeLeft UIInterfaceOrientationLandscapeRight";
				INFOPLIST_KEY_UISupportedInterfaceOrientations_iPhone = "UIInterfaceOrientationPortrait UIInterfaceOrientationLandscapeLeft UIInterfaceOrientationLandscapeRight";
				LD_RUNPATH_SEARCH_PATHS = (
					"$(inherited)",
					"@executable_path/Frameworks",
				);
				MARKETING_VERSION = 1.0;
				PRODUCT_BUNDLE_IDENTIFIER = "jiyoon.iOS-Study-B";
				PRODUCT_NAME = "$(TARGET_NAME)";
				SWIFT_EMIT_LOC_STRINGS = YES;
				SWIFT_VERSION = 5.0;
				TARGETED_DEVICE_FAMILY = "1,2";
			};
			name = Debug;
		};
		954B6B932AC57DAB00FDCFAB /* Release */ = {
			isa = XCBuildConfiguration;
			buildSettings = {
				ASSETCATALOG_COMPILER_APPICON_NAME = AppIcon;
				ASSETCATALOG_COMPILER_GLOBAL_ACCENT_COLOR_NAME = AccentColor;
				CODE_SIGN_STYLE = Automatic;
				CURRENT_PROJECT_VERSION = 1;
				GENERATE_INFOPLIST_FILE = YES;
				INFOPLIST_FILE = iOS_Study_B/Info.plist;
				INFOPLIST_KEY_UIApplicationSupportsIndirectInputEvents = YES;
				INFOPLIST_KEY_UILaunchStoryboardName = LaunchScreen;
				INFOPLIST_KEY_UISupportedInterfaceOrientations_iPad = "UIInterfaceOrientationPortrait UIInterfaceOrientationPortraitUpsideDown UIInterfaceOrientationLandscapeLeft UIInterfaceOrientationLandscapeRight";
				INFOPLIST_KEY_UISupportedInterfaceOrientations_iPhone = "UIInterfaceOrientationPortrait UIInterfaceOrientationLandscapeLeft UIInterfaceOrientationLandscapeRight";
				LD_RUNPATH_SEARCH_PATHS = (
					"$(inherited)",
					"@executable_path/Frameworks",
				);
				MARKETING_VERSION = 1.0;
				PRODUCT_BUNDLE_IDENTIFIER = "jiyoon.iOS-Study-B";
				PRODUCT_NAME = "$(TARGET_NAME)";
				SWIFT_EMIT_LOC_STRINGS = YES;
				SWIFT_VERSION = 5.0;
				TARGETED_DEVICE_FAMILY = "1,2";
			};
			name = Release;
		};
/* End XCBuildConfiguration section */

/* Begin XCConfigurationList section */
		954B6B782AC57DAA00FDCFAB /* Build configuration list for PBXProject "iOS_Study_B" */ = {
			isa = XCConfigurationList;
			buildConfigurations = (
				954B6B8F2AC57DAB00FDCFAB /* Debug */,
				954B6B902AC57DAB00FDCFAB /* Release */,
			);
			defaultConfigurationIsVisible = 0;
			defaultConfigurationName = Release;
		};
		954B6B912AC57DAB00FDCFAB /* Build configuration list for PBXNativeTarget "iOS_Study_B" */ = {
			isa = XCConfigurationList;
			buildConfigurations = (
				954B6B922AC57DAB00FDCFAB /* Debug */,
				954B6B932AC57DAB00FDCFAB /* Release */,
			);
			defaultConfigurationIsVisible = 0;
			defaultConfigurationName = Release;
		};
/* End XCConfigurationList section */

/* Begin XCRemoteSwiftPackageReference section */
		CC72E1FB2B16185400353D28 /* XCRemoteSwiftPackageReference "SnapKit" */ = {
			isa = XCRemoteSwiftPackageReference;
			repositoryURL = "https://github.com/SnapKit/SnapKit.git";
			requirement = {
				kind = upToNextMajorVersion;
				minimumVersion = 5.6.0;
			};
		};
/* End XCRemoteSwiftPackageReference section */

/* Begin XCSwiftPackageProductDependency section */
		CC72E1FC2B16185400353D28 /* SnapKit */ = {
			isa = XCSwiftPackageProductDependency;
			package = CC72E1FB2B16185400353D28 /* XCRemoteSwiftPackageReference "SnapKit" */;
			productName = SnapKit;
		};
/* End XCSwiftPackageProductDependency section */
	};
	rootObject = 954B6B752AC57DAA00FDCFAB /* Project object */;
}
